// !$*UTF8*$!
{
	archiveVersion = 1;
	classes = {
	};
	objectVersion = 50;
	objects = {

/* Begin PBXBuildFile section */
		1681FB662370B24200D7781B /* GetHeroes.swift in Sources */ = {isa = PBXBuildFile; fileRef = 16A60192237057EA0071F0F2 /* GetHeroes.swift */; };
		1681FB682370B4B000D7781B /* Kingfisher.framework in Frameworks */ = {isa = PBXBuildFile; fileRef = 1681FB672370B4B000D7781B /* Kingfisher.framework */; };
		1681FB692370B4B000D7781B /* Kingfisher.framework in Embed Frameworks */ = {isa = PBXBuildFile; fileRef = 1681FB672370B4B000D7781B /* Kingfisher.framework */; settings = {ATTRIBUTES = (CodeSignOnCopy, RemoveHeadersOnCopy, ); }; };
		1681FB6B2370B71100D7781B /* Bindable.swift in Sources */ = {isa = PBXBuildFile; fileRef = 1681FB6A2370B71100D7781B /* Bindable.swift */; };
		1694C77A236B683E006E6846 /* Image.swift in Sources */ = {isa = PBXBuildFile; fileRef = 1694C779236B683E006E6846 /* Image.swift */; };
		16A601892370579A0071F0F2 /* HTTPParameter.swift in Sources */ = {isa = PBXBuildFile; fileRef = 16A601882370579A0071F0F2 /* HTTPParameter.swift */; };
		16A6018B237057B00071F0F2 /* URLQuerryItemEncoder.swift in Sources */ = {isa = PBXBuildFile; fileRef = 16A6018A237057B00071F0F2 /* URLQuerryItemEncoder.swift */; };
		16A6018D237057DA0071F0F2 /* APIError.swift in Sources */ = {isa = PBXBuildFile; fileRef = 16A6018C237057DA0071F0F2 /* APIError.swift */; };
		16A6018F237057DE0071F0F2 /* APIRequest.swift in Sources */ = {isa = PBXBuildFile; fileRef = 16A6018E237057DE0071F0F2 /* APIRequest.swift */; };
		16A60191237057E40071F0F2 /* APIResponse.swift in Sources */ = {isa = PBXBuildFile; fileRef = 16A60190237057E40071F0F2 /* APIResponse.swift */; };
		16A60195237058390071F0F2 /* Result.swift in Sources */ = {isa = PBXBuildFile; fileRef = 16A60194237058390071F0F2 /* Result.swift */; };
		16A6019723705AC70071F0F2 /* APIClient.swift in Sources */ = {isa = PBXBuildFile; fileRef = 16A6019623705AC60071F0F2 /* APIClient.swift */; };
		16C1B4F8235F9DC400BF3AC6 /* AppDelegate.swift in Sources */ = {isa = PBXBuildFile; fileRef = 16C1B4F7235F9DC400BF3AC6 /* AppDelegate.swift */; };
		16C1B4FE235F9DC700BF3AC6 /* Assets.xcassets in Resources */ = {isa = PBXBuildFile; fileRef = 16C1B4FD235F9DC700BF3AC6 /* Assets.xcassets */; };
		16C1B504235F9DC700BF3AC6 /* LaunchScreen.storyboard in Resources */ = {isa = PBXBuildFile; fileRef = 16C1B502235F9DC700BF3AC6 /* LaunchScreen.storyboard */; };
		16C1B50F235F9DC800BF3AC6 /* MarvelCharactersTests.swift in Sources */ = {isa = PBXBuildFile; fileRef = 16C1B50E235F9DC800BF3AC6 /* MarvelCharactersTests.swift */; };
		16C1B5242360D31200BF3AC6 /* Coordinator.swift in Sources */ = {isa = PBXBuildFile; fileRef = 16C1B5232360D31200BF3AC6 /* Coordinator.swift */; };
		16C1B5262360D32C00BF3AC6 /* Navigator.swift in Sources */ = {isa = PBXBuildFile; fileRef = 16C1B5252360D32C00BF3AC6 /* Navigator.swift */; };
		16C1B5292360DF6A00BF3AC6 /* AppCoordinator.swift in Sources */ = {isa = PBXBuildFile; fileRef = 16C1B5282360DF6A00BF3AC6 /* AppCoordinator.swift */; };
		16C1B52C2360DFB900BF3AC6 /* AppRootViewController.swift in Sources */ = {isa = PBXBuildFile; fileRef = 16C1B52B2360DFB900BF3AC6 /* AppRootViewController.swift */; };
		16C1B52E2360E73100BF3AC6 /* CharactersListCoordinator.swift in Sources */ = {isa = PBXBuildFile; fileRef = 16C1B52D2360E73100BF3AC6 /* CharactersListCoordinator.swift */; };
		16C1B5312360E99500BF3AC6 /* CharactersListViewController.swift in Sources */ = {isa = PBXBuildFile; fileRef = 16C1B5302360E99500BF3AC6 /* CharactersListViewController.swift */; };
		16C1B5332360E9A000BF3AC6 /* CharactersListView.swift in Sources */ = {isa = PBXBuildFile; fileRef = 16C1B5322360E9A000BF3AC6 /* CharactersListView.swift */; };
		16C1B5352360E9AB00BF3AC6 /* CharactersListViewModel.swift in Sources */ = {isa = PBXBuildFile; fileRef = 16C1B5342360E9AB00BF3AC6 /* CharactersListViewModel.swift */; };
		16C1B5372360EA4B00BF3AC6 /* HasCustomView.swift in Sources */ = {isa = PBXBuildFile; fileRef = 16C1B5362360EA4B00BF3AC6 /* HasCustomView.swift */; };
		16C1B53A2360EB3700BF3AC6 /* UIView+Extensions.swift in Sources */ = {isa = PBXBuildFile; fileRef = 16C1B5392360EB3700BF3AC6 /* UIView+Extensions.swift */; };
		16F7DD722368B6270030F726 /* CryptoSwift.framework in Frameworks */ = {isa = PBXBuildFile; fileRef = 16F7DD6E2368802D0030F726 /* CryptoSwift.framework */; };
		16F7DD732368B6270030F726 /* CryptoSwift.framework in Embed Frameworks */ = {isa = PBXBuildFile; fileRef = 16F7DD6E2368802D0030F726 /* CryptoSwift.framework */; settings = {ATTRIBUTES = (CodeSignOnCopy, RemoveHeadersOnCopy, ); }; };
		16F7DD742368B6270030F726 /* RxSwift.framework in Frameworks */ = {isa = PBXBuildFile; fileRef = 16C1B51B2360CD9500BF3AC6 /* RxSwift.framework */; };
		16F7DD752368B6270030F726 /* RxSwift.framework in Embed Frameworks */ = {isa = PBXBuildFile; fileRef = 16C1B51B2360CD9500BF3AC6 /* RxSwift.framework */; settings = {ATTRIBUTES = (CodeSignOnCopy, RemoveHeadersOnCopy, ); }; };
		16F7DD762368B6270030F726 /* SnapKit.framework in Frameworks */ = {isa = PBXBuildFile; fileRef = 16C1B51C2360CD9500BF3AC6 /* SnapKit.framework */; };
		16F7DD772368B6270030F726 /* SnapKit.framework in Embed Frameworks */ = {isa = PBXBuildFile; fileRef = 16C1B51C2360CD9500BF3AC6 /* SnapKit.framework */; settings = {ATTRIBUTES = (CodeSignOnCopy, RemoveHeadersOnCopy, ); }; };
		16F7DD7C2369ED800030F726 /* Character.swift in Sources */ = {isa = PBXBuildFile; fileRef = 16F7DD7B2369ED800030F726 /* Character.swift */; };
		16F7DD7E2369EDC60030F726 /* DataContainer.swift in Sources */ = {isa = PBXBuildFile; fileRef = 16F7DD7D2369EDC60030F726 /* DataContainer.swift */; };
		16F7DD802369EDD30030F726 /* Wrapper.swift in Sources */ = {isa = PBXBuildFile; fileRef = 16F7DD7F2369EDD30030F726 /* Wrapper.swift */; };
		16F7DD822369FAC30030F726 /* CharacterTableViewCell.swift in Sources */ = {isa = PBXBuildFile; fileRef = 16F7DD812369FAC30030F726 /* CharacterTableViewCell.swift */; };
		16F7DD842369FF820030F726 /* CharacterTableViewCellViewModel.swift in Sources */ = {isa = PBXBuildFile; fileRef = 16F7DD832369FF820030F726 /* CharacterTableViewCellViewModel.swift */; };
/* End PBXBuildFile section */

/* Begin PBXContainerItemProxy section */
		16C1B50B235F9DC800BF3AC6 /* PBXContainerItemProxy */ = {
			isa = PBXContainerItemProxy;
			containerPortal = 16C1B4EC235F9DC400BF3AC6 /* Project object */;
			proxyType = 1;
			remoteGlobalIDString = 16C1B4F3235F9DC400BF3AC6;
			remoteInfo = MarvelCharacters;
		};
/* End PBXContainerItemProxy section */

/* Begin PBXCopyFilesBuildPhase section */
		16F7DD782368B6270030F726 /* Embed Frameworks */ = {
			isa = PBXCopyFilesBuildPhase;
			buildActionMask = 2147483647;
			dstPath = "";
			dstSubfolderSpec = 10;
			files = (
				16F7DD772368B6270030F726 /* SnapKit.framework in Embed Frameworks */,
				16F7DD752368B6270030F726 /* RxSwift.framework in Embed Frameworks */,
				1681FB692370B4B000D7781B /* Kingfisher.framework in Embed Frameworks */,
				16F7DD732368B6270030F726 /* CryptoSwift.framework in Embed Frameworks */,
			);
			name = "Embed Frameworks";
			runOnlyForDeploymentPostprocessing = 0;
		};
/* End PBXCopyFilesBuildPhase section */

/* Begin PBXFileReference section */
		1681FB672370B4B000D7781B /* Kingfisher.framework */ = {isa = PBXFileReference; lastKnownFileType = wrapper.framework; name = Kingfisher.framework; path = Carthage/Build/iOS/Kingfisher.framework; sourceTree = "<group>"; };
		1681FB6A2370B71100D7781B /* Bindable.swift */ = {isa = PBXFileReference; lastKnownFileType = sourcecode.swift; path = Bindable.swift; sourceTree = "<group>"; };
		1694C779236B683E006E6846 /* Image.swift */ = {isa = PBXFileReference; lastKnownFileType = sourcecode.swift; path = Image.swift; sourceTree = "<group>"; };
		16A601882370579A0071F0F2 /* HTTPParameter.swift */ = {isa = PBXFileReference; lastKnownFileType = sourcecode.swift; path = HTTPParameter.swift; sourceTree = "<group>"; };
		16A6018A237057B00071F0F2 /* URLQuerryItemEncoder.swift */ = {isa = PBXFileReference; lastKnownFileType = sourcecode.swift; path = URLQuerryItemEncoder.swift; sourceTree = "<group>"; };
		16A6018C237057DA0071F0F2 /* APIError.swift */ = {isa = PBXFileReference; lastKnownFileType = sourcecode.swift; path = APIError.swift; sourceTree = "<group>"; };
		16A6018E237057DE0071F0F2 /* APIRequest.swift */ = {isa = PBXFileReference; lastKnownFileType = sourcecode.swift; name = APIRequest.swift; path = "../../../../../../Downloads/SoftDesign-MarvelHeroes-master/MarvelHeroes/Models/APIRequest.swift"; sourceTree = "<group>"; };
		16A60190237057E40071F0F2 /* APIResponse.swift */ = {isa = PBXFileReference; lastKnownFileType = sourcecode.swift; path = APIResponse.swift; sourceTree = "<group>"; };
		16A60192237057EA0071F0F2 /* GetHeroes.swift */ = {isa = PBXFileReference; lastKnownFileType = sourcecode.swift; path = GetHeroes.swift; sourceTree = "<group>"; };
		16A60194237058390071F0F2 /* Result.swift */ = {isa = PBXFileReference; lastKnownFileType = sourcecode.swift; path = Result.swift; sourceTree = "<group>"; };
		16A6019623705AC60071F0F2 /* APIClient.swift */ = {isa = PBXFileReference; lastKnownFileType = sourcecode.swift; path = APIClient.swift; sourceTree = "<group>"; };
		16C1B4F4235F9DC400BF3AC6 /* MarvelCharacters.app */ = {isa = PBXFileReference; explicitFileType = wrapper.application; includeInIndex = 0; path = MarvelCharacters.app; sourceTree = BUILT_PRODUCTS_DIR; };
		16C1B4F7235F9DC400BF3AC6 /* AppDelegate.swift */ = {isa = PBXFileReference; lastKnownFileType = sourcecode.swift; path = AppDelegate.swift; sourceTree = "<group>"; };
		16C1B4FD235F9DC700BF3AC6 /* Assets.xcassets */ = {isa = PBXFileReference; lastKnownFileType = folder.assetcatalog; path = Assets.xcassets; sourceTree = "<group>"; };
		16C1B503235F9DC700BF3AC6 /* Base */ = {isa = PBXFileReference; lastKnownFileType = file.storyboard; name = Base; path = Base.lproj/LaunchScreen.storyboard; sourceTree = "<group>"; };
		16C1B505235F9DC700BF3AC6 /* Info.plist */ = {isa = PBXFileReference; lastKnownFileType = text.plist.xml; path = Info.plist; sourceTree = "<group>"; };
		16C1B50A235F9DC800BF3AC6 /* MarvelCharactersTests.xctest */ = {isa = PBXFileReference; explicitFileType = wrapper.cfbundle; includeInIndex = 0; path = MarvelCharactersTests.xctest; sourceTree = BUILT_PRODUCTS_DIR; };
		16C1B50E235F9DC800BF3AC6 /* MarvelCharactersTests.swift */ = {isa = PBXFileReference; lastKnownFileType = sourcecode.swift; path = MarvelCharactersTests.swift; sourceTree = "<group>"; };
		16C1B510235F9DC800BF3AC6 /* Info.plist */ = {isa = PBXFileReference; lastKnownFileType = text.plist.xml; path = Info.plist; sourceTree = "<group>"; };
		16C1B51B2360CD9500BF3AC6 /* RxSwift.framework */ = {isa = PBXFileReference; lastKnownFileType = wrapper.framework; name = RxSwift.framework; path = Carthage/Build/iOS/RxSwift.framework; sourceTree = "<group>"; };
		16C1B51C2360CD9500BF3AC6 /* SnapKit.framework */ = {isa = PBXFileReference; lastKnownFileType = wrapper.framework; name = SnapKit.framework; path = Carthage/Build/iOS/SnapKit.framework; sourceTree = "<group>"; };
		16C1B5232360D31200BF3AC6 /* Coordinator.swift */ = {isa = PBXFileReference; lastKnownFileType = sourcecode.swift; path = Coordinator.swift; sourceTree = "<group>"; };
		16C1B5252360D32C00BF3AC6 /* Navigator.swift */ = {isa = PBXFileReference; lastKnownFileType = sourcecode.swift; path = Navigator.swift; sourceTree = "<group>"; };
		16C1B5282360DF6A00BF3AC6 /* AppCoordinator.swift */ = {isa = PBXFileReference; lastKnownFileType = sourcecode.swift; path = AppCoordinator.swift; sourceTree = "<group>"; };
		16C1B52B2360DFB900BF3AC6 /* AppRootViewController.swift */ = {isa = PBXFileReference; lastKnownFileType = sourcecode.swift; path = AppRootViewController.swift; sourceTree = "<group>"; };
		16C1B52D2360E73100BF3AC6 /* CharactersListCoordinator.swift */ = {isa = PBXFileReference; lastKnownFileType = sourcecode.swift; path = CharactersListCoordinator.swift; sourceTree = "<group>"; };
		16C1B5302360E99500BF3AC6 /* CharactersListViewController.swift */ = {isa = PBXFileReference; lastKnownFileType = sourcecode.swift; path = CharactersListViewController.swift; sourceTree = "<group>"; };
		16C1B5322360E9A000BF3AC6 /* CharactersListView.swift */ = {isa = PBXFileReference; lastKnownFileType = sourcecode.swift; path = CharactersListView.swift; sourceTree = "<group>"; };
		16C1B5342360E9AB00BF3AC6 /* CharactersListViewModel.swift */ = {isa = PBXFileReference; lastKnownFileType = sourcecode.swift; path = CharactersListViewModel.swift; sourceTree = "<group>"; };
		16C1B5362360EA4B00BF3AC6 /* HasCustomView.swift */ = {isa = PBXFileReference; lastKnownFileType = sourcecode.swift; path = HasCustomView.swift; sourceTree = "<group>"; };
		16C1B5392360EB3700BF3AC6 /* UIView+Extensions.swift */ = {isa = PBXFileReference; lastKnownFileType = sourcecode.swift; path = "UIView+Extensions.swift"; sourceTree = "<group>"; };
		16F7DD6E2368802D0030F726 /* CryptoSwift.framework */ = {isa = PBXFileReference; lastKnownFileType = wrapper.framework; name = CryptoSwift.framework; path = Carthage/Build/iOS/CryptoSwift.framework; sourceTree = "<group>"; };
		16F7DD7B2369ED800030F726 /* Character.swift */ = {isa = PBXFileReference; lastKnownFileType = sourcecode.swift; path = Character.swift; sourceTree = "<group>"; };
		16F7DD7D2369EDC60030F726 /* DataContainer.swift */ = {isa = PBXFileReference; lastKnownFileType = sourcecode.swift; path = DataContainer.swift; sourceTree = "<group>"; };
		16F7DD7F2369EDD30030F726 /* Wrapper.swift */ = {isa = PBXFileReference; lastKnownFileType = sourcecode.swift; path = Wrapper.swift; sourceTree = "<group>"; };
		16F7DD812369FAC30030F726 /* CharacterTableViewCell.swift */ = {isa = PBXFileReference; lastKnownFileType = sourcecode.swift; path = CharacterTableViewCell.swift; sourceTree = "<group>"; };
		16F7DD832369FF820030F726 /* CharacterTableViewCellViewModel.swift */ = {isa = PBXFileReference; lastKnownFileType = sourcecode.swift; path = CharacterTableViewCellViewModel.swift; sourceTree = "<group>"; };
/* End PBXFileReference section */

/* Begin PBXFrameworksBuildPhase section */
		16C1B4F1235F9DC400BF3AC6 /* Frameworks */ = {
			isa = PBXFrameworksBuildPhase;
			buildActionMask = 2147483647;
			files = (
				16F7DD762368B6270030F726 /* SnapKit.framework in Frameworks */,
				16F7DD742368B6270030F726 /* RxSwift.framework in Frameworks */,
				1681FB682370B4B000D7781B /* Kingfisher.framework in Frameworks */,
				16F7DD722368B6270030F726 /* CryptoSwift.framework in Frameworks */,
			);
			runOnlyForDeploymentPostprocessing = 0;
		};
		16C1B507235F9DC800BF3AC6 /* Frameworks */ = {
			isa = PBXFrameworksBuildPhase;
			buildActionMask = 2147483647;
			files = (
			);
			runOnlyForDeploymentPostprocessing = 0;
		};
/* End PBXFrameworksBuildPhase section */

/* Begin PBXGroup section */
		161EE2AD23723EC30049A062 /* Character */ = {
			isa = PBXGroup;
			children = (
			);
			path = Character;
			sourceTree = "<group>";
		};
		1681FB652370A54B00D7781B /* Requests */ = {
			isa = PBXGroup;
			children = (
				16A60192237057EA0071F0F2 /* GetHeroes.swift */,
			);
			path = Requests;
			sourceTree = "<group>";
		};
		16C1B4EB235F9DC400BF3AC6 = {
			isa = PBXGroup;
			children = (
				16C1B4F6235F9DC400BF3AC6 /* MarvelCharacters */,
				16C1B50D235F9DC800BF3AC6 /* MarvelCharactersTests */,
				16C1B4F5235F9DC400BF3AC6 /* Products */,
				16C1B51A2360CD9500BF3AC6 /* Frameworks */,
			);
			sourceTree = "<group>";
		};
		16C1B4F5235F9DC400BF3AC6 /* Products */ = {
			isa = PBXGroup;
			children = (
				16C1B4F4235F9DC400BF3AC6 /* MarvelCharacters.app */,
				16C1B50A235F9DC800BF3AC6 /* MarvelCharactersTests.xctest */,
			);
			name = Products;
			sourceTree = "<group>";
		};
		16C1B4F6235F9DC400BF3AC6 /* MarvelCharacters */ = {
			isa = PBXGroup;
			children = (
				16C1B5272360DE2E00BF3AC6 /* Coordinators */,
				16C1B5382360EB2100BF3AC6 /* Extensions */,
				16F7DD7A2369ED6C0030F726 /* Models */,
				16C1B52A2360DFA100BF3AC6 /* Scenes */,
				1681FB652370A54B00D7781B /* Requests */,
				16C1B5222360D30100BF3AC6 /* Source */,
				16C1B4F7235F9DC400BF3AC6 /* AppDelegate.swift */,
				16C1B4FD235F9DC700BF3AC6 /* Assets.xcassets */,
				16C1B502235F9DC700BF3AC6 /* LaunchScreen.storyboard */,
				16C1B505235F9DC700BF3AC6 /* Info.plist */,
			);
			path = MarvelCharacters;
			sourceTree = "<group>";
		};
		16C1B50D235F9DC800BF3AC6 /* MarvelCharactersTests */ = {
			isa = PBXGroup;
			children = (
				16C1B50E235F9DC800BF3AC6 /* MarvelCharactersTests.swift */,
				16C1B510235F9DC800BF3AC6 /* Info.plist */,
			);
			path = MarvelCharactersTests;
			sourceTree = "<group>";
		};
		16C1B51A2360CD9500BF3AC6 /* Frameworks */ = {
			isa = PBXGroup;
			children = (
				1681FB672370B4B000D7781B /* Kingfisher.framework */,
				16F7DD6E2368802D0030F726 /* CryptoSwift.framework */,
				16C1B51B2360CD9500BF3AC6 /* RxSwift.framework */,
				16C1B51C2360CD9500BF3AC6 /* SnapKit.framework */,
			);
			name = Frameworks;
			sourceTree = "<group>";
		};
		16C1B5222360D30100BF3AC6 /* Source */ = {
			isa = PBXGroup;
			children = (
				16A6019623705AC60071F0F2 /* APIClient.swift */,
				16A60194237058390071F0F2 /* Result.swift */,
				16A6018C237057DA0071F0F2 /* APIError.swift */,
				16A6018E237057DE0071F0F2 /* APIRequest.swift */,
				16A60190237057E40071F0F2 /* APIResponse.swift */,
				16A6018A237057B00071F0F2 /* URLQuerryItemEncoder.swift */,
				16A601882370579A0071F0F2 /* HTTPParameter.swift */,
				16C1B5232360D31200BF3AC6 /* Coordinator.swift */,
				16C1B5252360D32C00BF3AC6 /* Navigator.swift */,
				16C1B5362360EA4B00BF3AC6 /* HasCustomView.swift */,
				1681FB6A2370B71100D7781B /* Bindable.swift */,
			);
			path = Source;
			sourceTree = "<group>";
		};
		16C1B5272360DE2E00BF3AC6 /* Coordinators */ = {
			isa = PBXGroup;
			children = (
				16C1B5282360DF6A00BF3AC6 /* AppCoordinator.swift */,
				16C1B52D2360E73100BF3AC6 /* CharactersListCoordinator.swift */,
			);
			path = Coordinators;
			sourceTree = "<group>";
		};
		16C1B52A2360DFA100BF3AC6 /* Scenes */ = {
			isa = PBXGroup;
			children = (
				161EE2AD23723EC30049A062 /* Character */,
				16C1B52F2360E97400BF3AC6 /* Characters List */,
				16C1B52B2360DFB900BF3AC6 /* AppRootViewController.swift */,
			);
			path = Scenes;
			sourceTree = "<group>";
		};
		16C1B52F2360E97400BF3AC6 /* Characters List */ = {
			isa = PBXGroup;
			children = (
				16F7DD792369ED370030F726 /* Character Cell */,
				16C1B5322360E9A000BF3AC6 /* CharactersListView.swift */,
				16C1B5302360E99500BF3AC6 /* CharactersListViewController.swift */,
				16C1B5342360E9AB00BF3AC6 /* CharactersListViewModel.swift */,
			);
			path = "Characters List";
			sourceTree = "<group>";
		};
		16C1B5382360EB2100BF3AC6 /* Extensions */ = {
			isa = PBXGroup;
			children = (
				16C1B5392360EB3700BF3AC6 /* UIView+Extensions.swift */,
			);
			path = Extensions;
			sourceTree = "<group>";
		};
		16F7DD792369ED370030F726 /* Character Cell */ = {
			isa = PBXGroup;
			children = (
				16F7DD812369FAC30030F726 /* CharacterTableViewCell.swift */,
				16F7DD832369FF820030F726 /* CharacterTableViewCellViewModel.swift */,
			);
			path = "Character Cell";
			sourceTree = "<group>";
		};
		16F7DD7A2369ED6C0030F726 /* Models */ = {
			isa = PBXGroup;
			children = (
				16F7DD7B2369ED800030F726 /* Character.swift */,
				16F7DD7D2369EDC60030F726 /* DataContainer.swift */,
				16F7DD7F2369EDD30030F726 /* Wrapper.swift */,
				1694C779236B683E006E6846 /* Image.swift */,
			);
			path = Models;
			sourceTree = "<group>";
		};
/* End PBXGroup section */

/* Begin PBXNativeTarget section */
		16C1B4F3235F9DC400BF3AC6 /* MarvelCharacters */ = {
			isa = PBXNativeTarget;
			buildConfigurationList = 16C1B513235F9DC800BF3AC6 /* Build configuration list for PBXNativeTarget "MarvelCharacters" */;
			buildPhases = (
				16C1B4F0235F9DC400BF3AC6 /* Sources */,
				16C1B4F1235F9DC400BF3AC6 /* Frameworks */,
				16C1B4F2235F9DC400BF3AC6 /* Resources */,
				16F7DD712368B57D0030F726 /* ShellScript */,
				16F7DD782368B6270030F726 /* Embed Frameworks */,
			);
			buildRules = (
			);
			dependencies = (
			);
			name = MarvelCharacters;
			productName = MarvelCharacters;
			productReference = 16C1B4F4235F9DC400BF3AC6 /* MarvelCharacters.app */;
			productType = "com.apple.product-type.application";
		};
		16C1B509235F9DC800BF3AC6 /* MarvelCharactersTests */ = {
			isa = PBXNativeTarget;
			buildConfigurationList = 16C1B516235F9DC800BF3AC6 /* Build configuration list for PBXNativeTarget "MarvelCharactersTests" */;
			buildPhases = (
				16C1B506235F9DC800BF3AC6 /* Sources */,
				16C1B507235F9DC800BF3AC6 /* Frameworks */,
				16C1B508235F9DC800BF3AC6 /* Resources */,
			);
			buildRules = (
			);
			dependencies = (
				16C1B50C235F9DC800BF3AC6 /* PBXTargetDependency */,
			);
			name = MarvelCharactersTests;
			productName = MarvelCharactersTests;
			productReference = 16C1B50A235F9DC800BF3AC6 /* MarvelCharactersTests.xctest */;
			productType = "com.apple.product-type.bundle.unit-test";
		};
/* End PBXNativeTarget section */

/* Begin PBXProject section */
		16C1B4EC235F9DC400BF3AC6 /* Project object */ = {
			isa = PBXProject;
			attributes = {
				LastSwiftUpdateCheck = 1110;
				LastUpgradeCheck = 1110;
				ORGANIZATIONNAME = GabrielPaul;
				TargetAttributes = {
					16C1B4F3235F9DC400BF3AC6 = {
						CreatedOnToolsVersion = 11.1;
					};
					16C1B509235F9DC800BF3AC6 = {
						CreatedOnToolsVersion = 11.1;
						TestTargetID = 16C1B4F3235F9DC400BF3AC6;
					};
				};
			};
			buildConfigurationList = 16C1B4EF235F9DC400BF3AC6 /* Build configuration list for PBXProject "MarvelCharacters" */;
			compatibilityVersion = "Xcode 9.3";
			developmentRegion = en;
			hasScannedForEncodings = 0;
			knownRegions = (
				en,
				Base,
			);
			mainGroup = 16C1B4EB235F9DC400BF3AC6;
			productRefGroup = 16C1B4F5235F9DC400BF3AC6 /* Products */;
			projectDirPath = "";
			projectRoot = "";
			targets = (
				16C1B4F3235F9DC400BF3AC6 /* MarvelCharacters */,
				16C1B509235F9DC800BF3AC6 /* MarvelCharactersTests */,
			);
		};
/* End PBXProject section */

/* Begin PBXResourcesBuildPhase section */
		16C1B4F2235F9DC400BF3AC6 /* Resources */ = {
			isa = PBXResourcesBuildPhase;
			buildActionMask = 2147483647;
			files = (
				16C1B504235F9DC700BF3AC6 /* LaunchScreen.storyboard in Resources */,
				16C1B4FE235F9DC700BF3AC6 /* Assets.xcassets in Resources */,
			);
			runOnlyForDeploymentPostprocessing = 0;
		};
		16C1B508235F9DC800BF3AC6 /* Resources */ = {
			isa = PBXResourcesBuildPhase;
			buildActionMask = 2147483647;
			files = (
			);
			runOnlyForDeploymentPostprocessing = 0;
		};
/* End PBXResourcesBuildPhase section */

/* Begin PBXShellScriptBuildPhase section */
		16F7DD712368B57D0030F726 /* ShellScript */ = {
			isa = PBXShellScriptBuildPhase;
			buildActionMask = 2147483647;
			files = (
			);
			inputFileListPaths = (
			);
			inputPaths = (
				"$(SRCROOT)/Carthage/Build/iOS/SnapKit.framework",
				"$(SRCROOT)/Carthage/Build/iOS/RxSwift.framework",
				"$(SRCROOT)/Carthage/Build/iOS/CryptoSwift.framework",
				"$(SRCROOT)/Carthage/Build/iOS/Kingfisher.framework",
			);
			outputFileListPaths = (
			);
			outputPaths = (
			);
			runOnlyForDeploymentPostprocessing = 0;
			shellPath = /bin/sh;
			shellScript = "/usr/local/bin/carthage copy-frameworks\n";
		};
/* End PBXShellScriptBuildPhase section */

/* Begin PBXSourcesBuildPhase section */
		16C1B4F0235F9DC400BF3AC6 /* Sources */ = {
			isa = PBXSourcesBuildPhase;
			buildActionMask = 2147483647;
			files = (
				16C1B5372360EA4B00BF3AC6 /* HasCustomView.swift in Sources */,
				16C1B5312360E99500BF3AC6 /* CharactersListViewController.swift in Sources */,
				16A6018F237057DE0071F0F2 /* APIRequest.swift in Sources */,
				16C1B52C2360DFB900BF3AC6 /* AppRootViewController.swift in Sources */,
				16A6018D237057DA0071F0F2 /* APIError.swift in Sources */,
				16A60191237057E40071F0F2 /* APIResponse.swift in Sources */,
				16C1B4F8235F9DC400BF3AC6 /* AppDelegate.swift in Sources */,
				1681FB662370B24200D7781B /* GetHeroes.swift in Sources */,
				16C1B5262360D32C00BF3AC6 /* Navigator.swift in Sources */,
				1694C77A236B683E006E6846 /* Image.swift in Sources */,
				1681FB6B2370B71100D7781B /* Bindable.swift in Sources */,
				16F7DD7E2369EDC60030F726 /* DataContainer.swift in Sources */,
				16F7DD842369FF820030F726 /* CharacterTableViewCellViewModel.swift in Sources */,
				16C1B5352360E9AB00BF3AC6 /* CharactersListViewModel.swift in Sources */,
				16A6019723705AC70071F0F2 /* APIClient.swift in Sources */,
				16F7DD802369EDD30030F726 /* Wrapper.swift in Sources */,
				16A601892370579A0071F0F2 /* HTTPParameter.swift in Sources */,
				16A60195237058390071F0F2 /* Result.swift in Sources */,
				16C1B53A2360EB3700BF3AC6 /* UIView+Extensions.swift in Sources */,
				16F7DD822369FAC30030F726 /* CharacterTableViewCell.swift in Sources */,
				16C1B5292360DF6A00BF3AC6 /* AppCoordinator.swift in Sources */,
				16A6018B237057B00071F0F2 /* URLQuerryItemEncoder.swift in Sources */,
				16C1B5332360E9A000BF3AC6 /* CharactersListView.swift in Sources */,
				16C1B5242360D31200BF3AC6 /* Coordinator.swift in Sources */,
				16F7DD7C2369ED800030F726 /* Character.swift in Sources */,
				16C1B52E2360E73100BF3AC6 /* CharactersListCoordinator.swift in Sources */,
			);
			runOnlyForDeploymentPostprocessing = 0;
		};
		16C1B506235F9DC800BF3AC6 /* Sources */ = {
			isa = PBXSourcesBuildPhase;
			buildActionMask = 2147483647;
			files = (
				16C1B50F235F9DC800BF3AC6 /* MarvelCharactersTests.swift in Sources */,
			);
			runOnlyForDeploymentPostprocessing = 0;
		};
/* End PBXSourcesBuildPhase section */

/* Begin PBXTargetDependency section */
		16C1B50C235F9DC800BF3AC6 /* PBXTargetDependency */ = {
			isa = PBXTargetDependency;
			target = 16C1B4F3235F9DC400BF3AC6 /* MarvelCharacters */;
			targetProxy = 16C1B50B235F9DC800BF3AC6 /* PBXContainerItemProxy */;
		};
/* End PBXTargetDependency section */

/* Begin PBXVariantGroup section */
		16C1B502235F9DC700BF3AC6 /* LaunchScreen.storyboard */ = {
			isa = PBXVariantGroup;
			children = (
				16C1B503235F9DC700BF3AC6 /* Base */,
			);
			name = LaunchScreen.storyboard;
			sourceTree = "<group>";
		};
/* End PBXVariantGroup section */

/* Begin XCBuildConfiguration section */
		16C1B511235F9DC800BF3AC6 /* Debug */ = {
			isa = XCBuildConfiguration;
			buildSettings = {
				ALWAYS_SEARCH_USER_PATHS = NO;
				CLANG_ANALYZER_NONNULL = YES;
				CLANG_ANALYZER_NUMBER_OBJECT_CONVERSION = YES_AGGRESSIVE;
				CLANG_CXX_LANGUAGE_STANDARD = "gnu++14";
				CLANG_CXX_LIBRARY = "libc++";
				CLANG_ENABLE_MODULES = YES;
				CLANG_ENABLE_OBJC_ARC = YES;
				CLANG_ENABLE_OBJC_WEAK = YES;
				CLANG_WARN_BLOCK_CAPTURE_AUTORELEASING = YES;
				CLANG_WARN_BOOL_CONVERSION = YES;
				CLANG_WARN_COMMA = YES;
				CLANG_WARN_CONSTANT_CONVERSION = YES;
				CLANG_WARN_DEPRECATED_OBJC_IMPLEMENTATIONS = YES;
				CLANG_WARN_DIRECT_OBJC_ISA_USAGE = YES_ERROR;
				CLANG_WARN_DOCUMENTATION_COMMENTS = YES;
				CLANG_WARN_EMPTY_BODY = YES;
				CLANG_WARN_ENUM_CONVERSION = YES;
				CLANG_WARN_INFINITE_RECURSION = YES;
				CLANG_WARN_INT_CONVERSION = YES;
				CLANG_WARN_NON_LITERAL_NULL_CONVERSION = YES;
				CLANG_WARN_OBJC_IMPLICIT_RETAIN_SELF = YES;
				CLANG_WARN_OBJC_LITERAL_CONVERSION = YES;
				CLANG_WARN_OBJC_ROOT_CLASS = YES_ERROR;
				CLANG_WARN_RANGE_LOOP_ANALYSIS = YES;
				CLANG_WARN_STRICT_PROTOTYPES = YES;
				CLANG_WARN_SUSPICIOUS_MOVE = YES;
				CLANG_WARN_UNGUARDED_AVAILABILITY = YES_AGGRESSIVE;
				CLANG_WARN_UNREACHABLE_CODE = YES;
				CLANG_WARN__DUPLICATE_METHOD_MATCH = YES;
				COPY_PHASE_STRIP = NO;
				DEBUG_INFORMATION_FORMAT = dwarf;
				ENABLE_STRICT_OBJC_MSGSEND = YES;
				ENABLE_TESTABILITY = YES;
				GCC_C_LANGUAGE_STANDARD = gnu11;
				GCC_DYNAMIC_NO_PIC = NO;
				GCC_NO_COMMON_BLOCKS = YES;
				GCC_OPTIMIZATION_LEVEL = 0;
				GCC_PREPROCESSOR_DEFINITIONS = (
					"DEBUG=1",
					"$(inherited)",
				);
				GCC_WARN_64_TO_32_BIT_CONVERSION = YES;
				GCC_WARN_ABOUT_RETURN_TYPE = YES_ERROR;
				GCC_WARN_UNDECLARED_SELECTOR = YES;
				GCC_WARN_UNINITIALIZED_AUTOS = YES_AGGRESSIVE;
				GCC_WARN_UNUSED_FUNCTION = YES;
				GCC_WARN_UNUSED_VARIABLE = YES;
				IPHONEOS_DEPLOYMENT_TARGET = 13.1;
				MTL_ENABLE_DEBUG_INFO = INCLUDE_SOURCE;
				MTL_FAST_MATH = YES;
				ONLY_ACTIVE_ARCH = YES;
				SDKROOT = iphoneos;
				SWIFT_ACTIVE_COMPILATION_CONDITIONS = DEBUG;
				SWIFT_OPTIMIZATION_LEVEL = "-Onone";
			};
			name = Debug;
		};
		16C1B512235F9DC800BF3AC6 /* Release */ = {
			isa = XCBuildConfiguration;
			buildSettings = {
				ALWAYS_SEARCH_USER_PATHS = NO;
				CLANG_ANALYZER_NONNULL = YES;
				CLANG_ANALYZER_NUMBER_OBJECT_CONVERSION = YES_AGGRESSIVE;
				CLANG_CXX_LANGUAGE_STANDARD = "gnu++14";
				CLANG_CXX_LIBRARY = "libc++";
				CLANG_ENABLE_MODULES = YES;
				CLANG_ENABLE_OBJC_ARC = YES;
				CLANG_ENABLE_OBJC_WEAK = YES;
				CLANG_WARN_BLOCK_CAPTURE_AUTORELEASING = YES;
				CLANG_WARN_BOOL_CONVERSION = YES;
				CLANG_WARN_COMMA = YES;
				CLANG_WARN_CONSTANT_CONVERSION = YES;
				CLANG_WARN_DEPRECATED_OBJC_IMPLEMENTATIONS = YES;
				CLANG_WARN_DIRECT_OBJC_ISA_USAGE = YES_ERROR;
				CLANG_WARN_DOCUMENTATION_COMMENTS = YES;
				CLANG_WARN_EMPTY_BODY = YES;
				CLANG_WARN_ENUM_CONVERSION = YES;
				CLANG_WARN_INFINITE_RECURSION = YES;
				CLANG_WARN_INT_CONVERSION = YES;
				CLANG_WARN_NON_LITERAL_NULL_CONVERSION = YES;
				CLANG_WARN_OBJC_IMPLICIT_RETAIN_SELF = YES;
				CLANG_WARN_OBJC_LITERAL_CONVERSION = YES;
				CLANG_WARN_OBJC_ROOT_CLASS = YES_ERROR;
				CLANG_WARN_RANGE_LOOP_ANALYSIS = YES;
				CLANG_WARN_STRICT_PROTOTYPES = YES;
				CLANG_WARN_SUSPICIOUS_MOVE = YES;
				CLANG_WARN_UNGUARDED_AVAILABILITY = YES_AGGRESSIVE;
				CLANG_WARN_UNREACHABLE_CODE = YES;
				CLANG_WARN__DUPLICATE_METHOD_MATCH = YES;
				COPY_PHASE_STRIP = NO;
				DEBUG_INFORMATION_FORMAT = "dwarf-with-dsym";
				ENABLE_NS_ASSERTIONS = NO;
				ENABLE_STRICT_OBJC_MSGSEND = YES;
				GCC_C_LANGUAGE_STANDARD = gnu11;
				GCC_NO_COMMON_BLOCKS = YES;
				GCC_WARN_64_TO_32_BIT_CONVERSION = YES;
				GCC_WARN_ABOUT_RETURN_TYPE = YES_ERROR;
				GCC_WARN_UNDECLARED_SELECTOR = YES;
				GCC_WARN_UNINITIALIZED_AUTOS = YES_AGGRESSIVE;
				GCC_WARN_UNUSED_FUNCTION = YES;
				GCC_WARN_UNUSED_VARIABLE = YES;
				IPHONEOS_DEPLOYMENT_TARGET = 13.1;
				MTL_ENABLE_DEBUG_INFO = NO;
				MTL_FAST_MATH = YES;
				SDKROOT = iphoneos;
				SWIFT_COMPILATION_MODE = wholemodule;
				SWIFT_OPTIMIZATION_LEVEL = "-O";
				VALIDATE_PRODUCT = YES;
			};
			name = Release;
		};
		16C1B514235F9DC800BF3AC6 /* Debug */ = {
			isa = XCBuildConfiguration;
			buildSettings = {
				ASSETCATALOG_COMPILER_APPICON_NAME = AppIcon;
				CODE_SIGN_IDENTITY = "Apple Development";
				CODE_SIGN_STYLE = Automatic;
				DEVELOPMENT_ASSET_PATHS = "";
				DEVELOPMENT_TEAM = 22SPKR75FE;
				ENABLE_PREVIEWS = YES;
				FRAMEWORK_SEARCH_PATHS = (
					"$(inherited)",
					"$(PROJECT_DIR)/Carthage/Build/iOS",
				);
				INFOPLIST_FILE = MarvelCharacters/Info.plist;
				LD_RUNPATH_SEARCH_PATHS = (
					"$(inherited)",
					"@executable_path/Frameworks",
				);
				PRODUCT_BUNDLE_IDENTIFIER = com.MarvelChars;
				PRODUCT_NAME = "$(TARGET_NAME)";
				PROVISIONING_PROFILE_SPECIFIER = "";
				SWIFT_VERSION = 5.0;
				TARGETED_DEVICE_FAMILY = 1;
			};
			name = Debug;
		};
		16C1B515235F9DC800BF3AC6 /* Release */ = {
			isa = XCBuildConfiguration;
			buildSettings = {
				ASSETCATALOG_COMPILER_APPICON_NAME = AppIcon;
				CODE_SIGN_IDENTITY = "Apple Development";
				CODE_SIGN_STYLE = Automatic;
				DEVELOPMENT_ASSET_PATHS = "";
				DEVELOPMENT_TEAM = 22SPKR75FE;
				ENABLE_PREVIEWS = YES;
				FRAMEWORK_SEARCH_PATHS = (
					"$(inherited)",
					"$(PROJECT_DIR)/Carthage/Build/iOS",
				);
				INFOPLIST_FILE = MarvelCharacters/Info.plist;
				LD_RUNPATH_SEARCH_PATHS = (
					"$(inherited)",
					"@executable_path/Frameworks",
				);
				PRODUCT_BUNDLE_IDENTIFIER = com.MarvelChars;
				PRODUCT_NAME = "$(TARGET_NAME)";
				PROVISIONING_PROFILE_SPECIFIER = "";
				SWIFT_VERSION = 5.0;
				TARGETED_DEVICE_FAMILY = 1;
			};
			name = Release;
		};
		16C1B517235F9DC800BF3AC6 /* Debug */ = {
			isa = XCBuildConfiguration;
			buildSettings = {
				ALWAYS_EMBED_SWIFT_STANDARD_LIBRARIES = YES;
				BUNDLE_LOADER = "$(TEST_HOST)";
				CODE_SIGN_STYLE = Automatic;
				DEVELOPMENT_TEAM = 22SPKR75FE;
				INFOPLIST_FILE = MarvelCharactersTests/Info.plist;
				IPHONEOS_DEPLOYMENT_TARGET = 13.1;
				LD_RUNPATH_SEARCH_PATHS = (
					"$(inherited)",
					"@executable_path/Frameworks",
					"@loader_path/Frameworks",
				);
				PRODUCT_BUNDLE_IDENTIFIER = com.MarvelCharactersTests;
				PRODUCT_NAME = "$(TARGET_NAME)";
				SWIFT_VERSION = 5.0;
				TARGETED_DEVICE_FAMILY = "1,2";
				TEST_HOST = "$(BUILT_PRODUCTS_DIR)/MarvelCharacters.app/MarvelCharacters";
			};
			name = Debug;
		};
		16C1B518235F9DC800BF3AC6 /* Release */ = {
			isa = XCBuildConfiguration;
			buildSettings = {
				ALWAYS_EMBED_SWIFT_STANDARD_LIBRARIES = YES;
				BUNDLE_LOADER = "$(TEST_HOST)";
				CODE_SIGN_STYLE = Automatic;
				DEVELOPMENT_TEAM = 22SPKR75FE;
				INFOPLIST_FILE = MarvelCharactersTests/Info.plist;
				IPHONEOS_DEPLOYMENT_TARGET = 13.1;
				LD_RUNPATH_SEARCH_PATHS = (
					"$(inherited)",
					"@executable_path/Frameworks",
					"@loader_path/Frameworks",
				);
				PRODUCT_BUNDLE_IDENTIFIER = com.MarvelCharactersTests;
				PRODUCT_NAME = "$(TARGET_NAME)";
				SWIFT_VERSION = 5.0;
				TARGETED_DEVICE_FAMILY = "1,2";
				TEST_HOST = "$(BUILT_PRODUCTS_DIR)/MarvelCharacters.app/MarvelCharacters";
			};
			name = Release;
		};
/* End XCBuildConfiguration section */

/* Begin XCConfigurationList section */
		16C1B4EF235F9DC400BF3AC6 /* Build configuration list for PBXProject "MarvelCharacters" */ = {
			isa = XCConfigurationList;
			buildConfigurations = (
				16C1B511235F9DC800BF3AC6 /* Debug */,
				16C1B512235F9DC800BF3AC6 /* Release */,
			);
			defaultConfigurationIsVisible = 0;
			defaultConfigurationName = Release;
		};
		16C1B513235F9DC800BF3AC6 /* Build configuration list for PBXNativeTarget "MarvelCharacters" */ = {
			isa = XCConfigurationList;
			buildConfigurations = (
				16C1B514235F9DC800BF3AC6 /* Debug */,
				16C1B515235F9DC800BF3AC6 /* Release */,
			);
			defaultConfigurationIsVisible = 0;
			defaultConfigurationName = Release;
		};
		16C1B516235F9DC800BF3AC6 /* Build configuration list for PBXNativeTarget "MarvelCharactersTests" */ = {
			isa = XCConfigurationList;
			buildConfigurations = (
				16C1B517235F9DC800BF3AC6 /* Debug */,
				16C1B518235F9DC800BF3AC6 /* Release */,
			);
			defaultConfigurationIsVisible = 0;
			defaultConfigurationName = Release;
		};
/* End XCConfigurationList section */
	};
	rootObject = 16C1B4EC235F9DC400BF3AC6 /* Project object */;
}
